
Microsoft Visual Studio Solution File, Format Version 12.00
# Visual Studio Version 17
VisualStudioVersion = 17.13.35919.96
MinimumVisualStudioVersion = 10.0.40219.1
Project("{FAE04EC0-301F-11D3-BF4B-00C04F79EFBC}") = "Memorable.Web", "MemorableAI.Web\Memorable.Web.csproj", "{EF8078C9-E550-DF71-E08B-3A826597C2FB}"
EndProject
Project("{FAE04EC0-301F-11D3-BF4B-00C04F79EFBC}") = "MemorableAI.Domain", "MemorableAI.Domain\MemorableAI.Domain.csproj", "{7AE4E38A-35A3-397B-A849-DCEA4CD21DFE}"
EndProject
Project("{FAE04EC0-301F-11D3-BF4B-00C04F79EFBC}") = "MemorableAI.Infra", "MemorableAI.Infra\MemorableAI.Infra.csproj", "{69E815A9-C0D3-4C17-821D-53954982CFF8}"
EndProject
Project("{FAE04EC0-301F-11D3-BF4B-00C04F79EFBC}") = "MemorableAI.Application", "MemorableAI.Application\MemorableAI.Application.csproj", "{575DC8C1-BC48-4B65-B14B-DB3E88AEB442}"
EndProject
Global
	GlobalSection(SolutionConfigurationPlatforms) = preSolution
		Debug|Any CPU = Debug|Any CPU
		Release|Any CPU = Release|Any CPU
	EndGlobalSection
	GlobalSection(ProjectConfigurationPlatforms) = postSolution
		{EF8078C9-E550-DF71-E08B-3A826597C2FB}.Debug|Any CPU.ActiveCfg = Debug|Any CPU
		{EF8078C9-E550-DF71-E08B-3A826597C2FB}.Debug|Any CPU.Build.0 = Debug|Any CPU
		{EF8078C9-E550-DF71-E08B-3A826597C2FB}.Release|Any CPU.ActiveCfg = Release|Any CPU
		{EF8078C9-E550-DF71-E08B-3A826597C2FB}.Release|Any CPU.Build.0 = Release|Any CPU
		{7AE4E38A-35A3-397B-A849-DCEA4CD21DFE}.Debug|Any CPU.ActiveCfg = Debug|Any CPU
		{7AE4E38A-35A3-397B-A849-DCEA4CD21DFE}.Debug|Any CPU.Build.0 = Debug|Any CPU
		{7AE4E38A-35A3-397B-A849-DCEA4CD21DFE}.Release|Any CPU.ActiveCfg = Release|Any CPU
		{7AE4E38A-35A3-397B-A849-DCEA4CD21DFE}.Release|Any CPU.Build.0 = Release|Any CPU
		{69E815A9-C0D3-4C17-821D-53954982CFF8}.Debug|Any CPU.ActiveCfg = Debug|Any CPU
		{69E815A9-C0D3-4C17-821D-53954982CFF8}.Debug|Any CPU.Build.0 = Debug|Any CPU
		{69E815A9-C0D3-4C17-821D-53954982CFF8}.Release|Any CPU.ActiveCfg = Release|Any CPU
		{69E815A9-C0D3-4C17-821D-53954982CFF8}.Release|Any CPU.Build.0 = Release|Any CPU
		{575DC8C1-BC48-4B65-B14B-DB3E88AEB442}.Debug|Any CPU.ActiveCfg = Debug|Any CPU
		{575DC8C1-BC48-4B65-B14B-DB3E88AEB442}.Debug|Any CPU.Build.0 = Debug|Any CPU
		{575DC8C1-BC48-4B65-B14B-DB3E88AEB442}.Release|Any CPU.ActiveCfg = Release|Any CPU
		{575DC8C1-BC48-4B65-B14B-DB3E88AEB442}.Release|Any CPU.Build.0 = Release|Any CPU
	EndGlobalSection
	GlobalSection(SolutionProperties) = preSolution
		HideSolutionNode = FALSE
	EndGlobalSection
	GlobalSection(ExtensibilityGlobals) = postSolution
		SolutionGuid = {A922C212-5143-423B-8B52-27BD906DC993}
	EndGlobalSection
EndGlobal
